
Microsoft Visual Studio Solution File, Format Version 12.00
# Visual Studio Version 16
VisualStudioVersion = 16.0.30128.74
MinimumVisualStudioVersion = 10.0.40219.1
Project("{888888A0-9F3D-457C-B088-3A5042F75D52}") = "django-admin-cookbook", "django-admin-cookbook\django-admin-cookbook.pyproj", "{B772A262-DAE9-4D35-9134-CC000A820F4A}"
EndProject
Global
	GlobalSection(SolutionConfigurationPlatforms) = preSolution
		Debug|Any CPU = Debug|Any CPU
		Release|Any CPU = Release|Any CPU
	EndGlobalSection
	GlobalSection(ProjectConfigurationPlatforms) = postSolution
		{B772A262-DAE9-4D35-9134-CC000A820F4A}.Debug|Any CPU.ActiveCfg = Debug|Any CPU
		{B772A262-DAE9-4D35-9134-CC000A820F4A}.Debug|Any CPU.Build.0 = Debug|Any CPU
		{B772A262-DAE9-4D35-9134-CC000A820F4A}.Release|Any CPU.ActiveCfg = Release|Any CPU
		{B772A262-DAE9-4D35-9134-CC000A820F4A}.Release|Any CPU.Build.0 = Release|Any CPU
	EndGlobalSection
	GlobalSection(SolutionProperties) = preSolution
		HideSolutionNode = FALSE
	EndGlobalSection
	GlobalSection(ExtensibilityGlobals) = postSolution
		SolutionGuid = {3BE3DB9D-0875-4CF9-9901-88282587D8DC}
	EndGlobalSection
EndGlobal
